
Microsoft Visual Studio Solution File, Format Version 12.00
# Visual Studio Version 17
VisualStudioVersion = 17.0.31912.275
MinimumVisualStudioVersion = 10.0.40219.1
Project("{9A19103F-16F7-4668-BE54-9A1E7A4F7556}") = "LibUISharp.Core", "sources\LibUISharp.Core\LibUISharp.Core.csproj", "{0B53F07D-B207-4FE3-B2E9-DE28EA8A1537}"
EndProject
Project("{9A19103F-16F7-4668-BE54-9A1E7A4F7556}") = "LibUISharp.Native.Libui", "sources\LibUISharp.Native.Libui\LibUISharp.Native.Libui.csproj", "{D687C8C5-786C-4EBD-B614-F38B66A76110}"
EndProject
Project("{9A19103F-16F7-4668-BE54-9A1E7A4F7556}") = "LibUISharp.UI", "sources\LibUISharp.UI\LibUISharp.UI.csproj", "{86D1310D-BDC2-443F-9698-E274A8FFFC59}"
EndProject
Project("{9A19103F-16F7-4668-BE54-9A1E7A4F7556}") = "LibUISharp.CodeAnalysis.NativeCallGenerator", "sources\LibUISharp.CodeAnalysis.NativeCallGenerator\LibUISharp.CodeAnalysis.NativeCallGenerator.csproj", "{2C4C8254-2812-42B3-AF52-ED0782996859}"
EndProject
Global
	GlobalSection(SolutionConfigurationPlatforms) = preSolution
		Debug|Any CPU = Debug|Any CPU
		Release|Any CPU = Release|Any CPU
	EndGlobalSection
	GlobalSection(ProjectConfigurationPlatforms) = postSolution
		{0B53F07D-B207-4FE3-B2E9-DE28EA8A1537}.Debug|Any CPU.ActiveCfg = Debug|Any CPU
		{0B53F07D-B207-4FE3-B2E9-DE28EA8A1537}.Debug|Any CPU.Build.0 = Debug|Any CPU
		{0B53F07D-B207-4FE3-B2E9-DE28EA8A1537}.Release|Any CPU.ActiveCfg = Release|Any CPU
		{0B53F07D-B207-4FE3-B2E9-DE28EA8A1537}.Release|Any CPU.Build.0 = Release|Any CPU
		{D687C8C5-786C-4EBD-B614-F38B66A76110}.Debug|Any CPU.ActiveCfg = Debug|Any CPU
		{D687C8C5-786C-4EBD-B614-F38B66A76110}.Debug|Any CPU.Build.0 = Debug|Any CPU
		{D687C8C5-786C-4EBD-B614-F38B66A76110}.Release|Any CPU.ActiveCfg = Release|Any CPU
		{D687C8C5-786C-4EBD-B614-F38B66A76110}.Release|Any CPU.Build.0 = Release|Any CPU
		{86D1310D-BDC2-443F-9698-E274A8FFFC59}.Debug|Any CPU.ActiveCfg = Debug|Any CPU
		{86D1310D-BDC2-443F-9698-E274A8FFFC59}.Debug|Any CPU.Build.0 = Debug|Any CPU
		{86D1310D-BDC2-443F-9698-E274A8FFFC59}.Release|Any CPU.ActiveCfg = Release|Any CPU
		{86D1310D-BDC2-443F-9698-E274A8FFFC59}.Release|Any CPU.Build.0 = Release|Any CPU
		{2C4C8254-2812-42B3-AF52-ED0782996859}.Debug|Any CPU.ActiveCfg = Debug|Any CPU
		{2C4C8254-2812-42B3-AF52-ED0782996859}.Debug|Any CPU.Build.0 = Debug|Any CPU
		{2C4C8254-2812-42B3-AF52-ED0782996859}.Release|Any CPU.ActiveCfg = Release|Any CPU
		{2C4C8254-2812-42B3-AF52-ED0782996859}.Release|Any CPU.Build.0 = Release|Any CPU
	EndGlobalSection
	GlobalSection(SolutionProperties) = preSolution
		HideSolutionNode = FALSE
	EndGlobalSection
	GlobalSection(ExtensibilityGlobals) = postSolution
		SolutionGuid = {546F6D43-5444-6678-6373-536C6E50726A}
	EndGlobalSection
EndGlobal
