
Microsoft Visual Studio Solution File, Format Version 12.00
# Visual Studio 15
VisualStudioVersion = 15.0.27130.2010
MinimumVisualStudioVersion = 10.0.40219.1
Project("{9A19103F-16F7-4668-BE54-9A1E7A4F7556}") = "LibUISharp", "source\LibUISharp\LibUISharp.csproj", "{F11F9B51-1A65-4D95-AAF2-5C1F61BE77BD}"
EndProject
Project("{9A19103F-16F7-4668-BE54-9A1E7A4F7556}") = "LibUISharpDemos.ControlGallery", "demos\ControlGallery\LibUISharpDemos.ControlGallery.csproj", "{5C62872C-16E9-4997-97BF-E455E417089E}"
EndProject
Project("{9A19103F-16F7-4668-BE54-9A1E7A4F7556}") = "LibUISharpDemos.SimpleWindow", "demos\SimpleWindowDemo\LibUISharpDemos.SimpleWindow.csproj", "{B929A697-638D-447C-B413-7E61F6B5B1F7}"
EndProject
Global
	GlobalSection(SolutionConfigurationPlatforms) = preSolution
		Debug|Any CPU = Debug|Any CPU
		Release|Any CPU = Release|Any CPU
	EndGlobalSection
	GlobalSection(ProjectConfigurationPlatforms) = postSolution
		{F11F9B51-1A65-4D95-AAF2-5C1F61BE77BD}.Debug|Any CPU.ActiveCfg = Debug|Any CPU
		{F11F9B51-1A65-4D95-AAF2-5C1F61BE77BD}.Debug|Any CPU.Build.0 = Debug|Any CPU
		{F11F9B51-1A65-4D95-AAF2-5C1F61BE77BD}.Release|Any CPU.ActiveCfg = Release|Any CPU
		{F11F9B51-1A65-4D95-AAF2-5C1F61BE77BD}.Release|Any CPU.Build.0 = Release|Any CPU
		{5C62872C-16E9-4997-97BF-E455E417089E}.Debug|Any CPU.ActiveCfg = Debug|Any CPU
		{5C62872C-16E9-4997-97BF-E455E417089E}.Debug|Any CPU.Build.0 = Debug|Any CPU
		{5C62872C-16E9-4997-97BF-E455E417089E}.Release|Any CPU.ActiveCfg = Release|Any CPU
		{5C62872C-16E9-4997-97BF-E455E417089E}.Release|Any CPU.Build.0 = Release|Any CPU
		{B929A697-638D-447C-B413-7E61F6B5B1F7}.Debug|Any CPU.ActiveCfg = Debug|Any CPU
		{B929A697-638D-447C-B413-7E61F6B5B1F7}.Debug|Any CPU.Build.0 = Debug|Any CPU
		{B929A697-638D-447C-B413-7E61F6B5B1F7}.Release|Any CPU.ActiveCfg = Release|Any CPU
		{B929A697-638D-447C-B413-7E61F6B5B1F7}.Release|Any CPU.Build.0 = Release|Any CPU
	EndGlobalSection
	GlobalSection(SolutionProperties) = preSolution
		HideSolutionNode = FALSE
	EndGlobalSection
	GlobalSection(ExtensibilityGlobals) = postSolution
		SolutionGuid = {546F6D43-5444-6678-6373-536C6E50726A}
	EndGlobalSection
EndGlobal
