
Microsoft Visual Studio Solution File, Format Version 12.00
# Visual Studio Version 17
VisualStudioVersion = 17.0.31912.275
MinimumVisualStudioVersion = 10.0.40219.1
Project("{9A19103F-16F7-4668-BE54-9A1E7A4F7556}") = "SimplexiDev.Core", "sources\SimplexiDev.Core\SimplexiDev.Core.csproj", "{0B53F07D-B207-4FE3-B2E9-DE28EA8A1537}"
EndProject
Project("{9A19103F-16F7-4668-BE54-9A1E7A4F7556}") = "SimplexiDev.Native.Libui", "sources\SimplexiDev.Native.Libui\SimplexiDev.Native.Libui.csproj", "{D687C8C5-786C-4EBD-B614-F38B66A76110}"
EndProject
Project("{9A19103F-16F7-4668-BE54-9A1E7A4F7556}") = "SimplexiDev.UI", "sources\SimplexiDev.UI\SimplexiDev.UI.csproj", "{86D1310D-BDC2-443F-9698-E274A8FFFC59}"
EndProject
Project("{9A19103F-16F7-4668-BE54-9A1E7A4F7556}") = "SimplexiDev.UI.Extras", "sources\SimplexiDev.UI.Extras\SimplexiDev.UI.Extras.csproj", "{5F123117-FB01-43F0-90C3-FA059E6EF02E}"
EndProject
Project("{9A19103F-16F7-4668-BE54-9A1E7A4F7556}") = "SimplexiDev.Native.Miniaudio", "sources\SimplexiDev.Native.Miniaudio\SimplexiDev.Native.Miniaudio.csproj", "{A38FFC16-3212-44B6-8C2B-B5290D0E6BDE}"
EndProject
Project("{9A19103F-16F7-4668-BE54-9A1E7A4F7556}") = "SimplexiDev.Audio", "sources\SimplexiDev.Audio\SimplexiDev.Audio.csproj", "{3FB3838C-86A2-4D80-A32E-2B06E0D502DF}"
EndProject
Project("{9A19103F-16F7-4668-BE54-9A1E7A4F7556}") = "SimplexiDev.Native.Zstd", "sources\SimplexiDev.Native.Zstd\SimplexiDev.Native.Zstd.csproj", "{51E3BDAE-632D-4C70-A6A4-F95D5D923D69}"
EndProject
Project("{9A19103F-16F7-4668-BE54-9A1E7A4F7556}") = "SimplexiDev.IO.Compression", "sources\SimplexiDev.IO.Compression\SimplexiDev.IO.Compression.csproj", "{C30B3A88-4974-4C0C-81B8-BB61DB3E3B7F}"
EndProject
Project("{2150E333-8FDC-42A3-9474-1A3956D46DE8}") = "sources", "sources", "{5C560523-9DF4-4C63-8ED7-2C1599FCFA5F}"
EndProject
Project("{9A19103F-16F7-4668-BE54-9A1E7A4F7556}") = "PlarformExample", "examples\PlatformExample\PlarformExample.csproj", "{7FA8CF73-31D5-4A04-BD2F-9E2D6FBEE13A}"
EndProject
Project("{9A19103F-16F7-4668-BE54-9A1E7A4F7556}") = "SimpleWindowExample", "examples\SimplexiDev.Demos.SimpleWindow\SimpleWindowExample.csproj", "{D7792F0D-6611-4707-B426-EF5905771E97}"
EndProject
Project("{2150E333-8FDC-42A3-9474-1A3956D46DE8}") = "examples", "examples", "{FEB44062-D0E1-4970-A2F6-E8D2FB8F9FAE}"
EndProject
Project("{9A19103F-16F7-4668-BE54-9A1E7A4F7556}") = "SimplexiDev.Build.Annotations", "sources\SimplexiDev.Build.Annotations\SimplexiDev.Build.Annotations.csproj", "{A38D964A-EF4F-4B42-B818-9F66BFA4E4E1}"
EndProject
Project("{9A19103F-16F7-4668-BE54-9A1E7A4F7556}") = "SimplexiDev.Build.NativeCallGenerator", "sources\SimplexiDev.Build.NativeCallGenerator\SimplexiDev.Build.NativeCallGenerator.csproj", "{52882A14-4A96-4524-974D-8B720913F6D1}"
EndProject
Global
	GlobalSection(SolutionConfigurationPlatforms) = preSolution
		Debug|Any CPU = Debug|Any CPU
		Release|Any CPU = Release|Any CPU
	EndGlobalSection
	GlobalSection(ProjectConfigurationPlatforms) = postSolution
		{0B53F07D-B207-4FE3-B2E9-DE28EA8A1537}.Debug|Any CPU.ActiveCfg = Debug|Any CPU
		{0B53F07D-B207-4FE3-B2E9-DE28EA8A1537}.Debug|Any CPU.Build.0 = Debug|Any CPU
		{0B53F07D-B207-4FE3-B2E9-DE28EA8A1537}.Release|Any CPU.ActiveCfg = Release|Any CPU
		{0B53F07D-B207-4FE3-B2E9-DE28EA8A1537}.Release|Any CPU.Build.0 = Release|Any CPU
		{D687C8C5-786C-4EBD-B614-F38B66A76110}.Debug|Any CPU.ActiveCfg = Debug|Any CPU
		{D687C8C5-786C-4EBD-B614-F38B66A76110}.Debug|Any CPU.Build.0 = Debug|Any CPU
		{D687C8C5-786C-4EBD-B614-F38B66A76110}.Release|Any CPU.ActiveCfg = Release|Any CPU
		{D687C8C5-786C-4EBD-B614-F38B66A76110}.Release|Any CPU.Build.0 = Release|Any CPU
		{86D1310D-BDC2-443F-9698-E274A8FFFC59}.Debug|Any CPU.ActiveCfg = Debug|Any CPU
		{86D1310D-BDC2-443F-9698-E274A8FFFC59}.Debug|Any CPU.Build.0 = Debug|Any CPU
		{86D1310D-BDC2-443F-9698-E274A8FFFC59}.Release|Any CPU.ActiveCfg = Release|Any CPU
		{86D1310D-BDC2-443F-9698-E274A8FFFC59}.Release|Any CPU.Build.0 = Release|Any CPU
		{5F123117-FB01-43F0-90C3-FA059E6EF02E}.Debug|Any CPU.ActiveCfg = Debug|Any CPU
		{5F123117-FB01-43F0-90C3-FA059E6EF02E}.Debug|Any CPU.Build.0 = Debug|Any CPU
		{5F123117-FB01-43F0-90C3-FA059E6EF02E}.Release|Any CPU.ActiveCfg = Release|Any CPU
		{5F123117-FB01-43F0-90C3-FA059E6EF02E}.Release|Any CPU.Build.0 = Release|Any CPU
		{A38FFC16-3212-44B6-8C2B-B5290D0E6BDE}.Debug|Any CPU.ActiveCfg = Debug|Any CPU
		{A38FFC16-3212-44B6-8C2B-B5290D0E6BDE}.Debug|Any CPU.Build.0 = Debug|Any CPU
		{A38FFC16-3212-44B6-8C2B-B5290D0E6BDE}.Release|Any CPU.ActiveCfg = Release|Any CPU
		{A38FFC16-3212-44B6-8C2B-B5290D0E6BDE}.Release|Any CPU.Build.0 = Release|Any CPU
		{3FB3838C-86A2-4D80-A32E-2B06E0D502DF}.Debug|Any CPU.ActiveCfg = Debug|Any CPU
		{3FB3838C-86A2-4D80-A32E-2B06E0D502DF}.Debug|Any CPU.Build.0 = Debug|Any CPU
		{3FB3838C-86A2-4D80-A32E-2B06E0D502DF}.Release|Any CPU.ActiveCfg = Release|Any CPU
		{3FB3838C-86A2-4D80-A32E-2B06E0D502DF}.Release|Any CPU.Build.0 = Release|Any CPU
		{51E3BDAE-632D-4C70-A6A4-F95D5D923D69}.Debug|Any CPU.ActiveCfg = Debug|Any CPU
		{51E3BDAE-632D-4C70-A6A4-F95D5D923D69}.Debug|Any CPU.Build.0 = Debug|Any CPU
		{51E3BDAE-632D-4C70-A6A4-F95D5D923D69}.Release|Any CPU.ActiveCfg = Release|Any CPU
		{51E3BDAE-632D-4C70-A6A4-F95D5D923D69}.Release|Any CPU.Build.0 = Release|Any CPU
		{C30B3A88-4974-4C0C-81B8-BB61DB3E3B7F}.Debug|Any CPU.ActiveCfg = Debug|Any CPU
		{C30B3A88-4974-4C0C-81B8-BB61DB3E3B7F}.Debug|Any CPU.Build.0 = Debug|Any CPU
		{C30B3A88-4974-4C0C-81B8-BB61DB3E3B7F}.Release|Any CPU.ActiveCfg = Release|Any CPU
		{C30B3A88-4974-4C0C-81B8-BB61DB3E3B7F}.Release|Any CPU.Build.0 = Release|Any CPU
		{7FA8CF73-31D5-4A04-BD2F-9E2D6FBEE13A}.Debug|Any CPU.ActiveCfg = Debug|Any CPU
		{7FA8CF73-31D5-4A04-BD2F-9E2D6FBEE13A}.Debug|Any CPU.Build.0 = Debug|Any CPU
		{7FA8CF73-31D5-4A04-BD2F-9E2D6FBEE13A}.Release|Any CPU.ActiveCfg = Release|Any CPU
		{7FA8CF73-31D5-4A04-BD2F-9E2D6FBEE13A}.Release|Any CPU.Build.0 = Release|Any CPU
		{D7792F0D-6611-4707-B426-EF5905771E97}.Debug|Any CPU.ActiveCfg = Debug|Any CPU
		{D7792F0D-6611-4707-B426-EF5905771E97}.Debug|Any CPU.Build.0 = Debug|Any CPU
		{D7792F0D-6611-4707-B426-EF5905771E97}.Release|Any CPU.ActiveCfg = Release|Any CPU
		{D7792F0D-6611-4707-B426-EF5905771E97}.Release|Any CPU.Build.0 = Release|Any CPU
		{A38D964A-EF4F-4B42-B818-9F66BFA4E4E1}.Debug|Any CPU.ActiveCfg = Debug|Any CPU
		{A38D964A-EF4F-4B42-B818-9F66BFA4E4E1}.Debug|Any CPU.Build.0 = Debug|Any CPU
		{A38D964A-EF4F-4B42-B818-9F66BFA4E4E1}.Release|Any CPU.ActiveCfg = Release|Any CPU
		{A38D964A-EF4F-4B42-B818-9F66BFA4E4E1}.Release|Any CPU.Build.0 = Release|Any CPU
		{52882A14-4A96-4524-974D-8B720913F6D1}.Debug|Any CPU.ActiveCfg = Debug|Any CPU
		{52882A14-4A96-4524-974D-8B720913F6D1}.Debug|Any CPU.Build.0 = Debug|Any CPU
		{52882A14-4A96-4524-974D-8B720913F6D1}.Release|Any CPU.ActiveCfg = Release|Any CPU
		{52882A14-4A96-4524-974D-8B720913F6D1}.Release|Any CPU.Build.0 = Release|Any CPU
	EndGlobalSection
	GlobalSection(SolutionProperties) = preSolution
		HideSolutionNode = FALSE
	EndGlobalSection
	GlobalSection(NestedProjects) = preSolution
		{0B53F07D-B207-4FE3-B2E9-DE28EA8A1537} = {5C560523-9DF4-4C63-8ED7-2C1599FCFA5F}
		{D687C8C5-786C-4EBD-B614-F38B66A76110} = {5C560523-9DF4-4C63-8ED7-2C1599FCFA5F}
		{86D1310D-BDC2-443F-9698-E274A8FFFC59} = {5C560523-9DF4-4C63-8ED7-2C1599FCFA5F}
		{5F123117-FB01-43F0-90C3-FA059E6EF02E} = {5C560523-9DF4-4C63-8ED7-2C1599FCFA5F}
		{A38FFC16-3212-44B6-8C2B-B5290D0E6BDE} = {5C560523-9DF4-4C63-8ED7-2C1599FCFA5F}
		{3FB3838C-86A2-4D80-A32E-2B06E0D502DF} = {5C560523-9DF4-4C63-8ED7-2C1599FCFA5F}
		{51E3BDAE-632D-4C70-A6A4-F95D5D923D69} = {5C560523-9DF4-4C63-8ED7-2C1599FCFA5F}
		{C30B3A88-4974-4C0C-81B8-BB61DB3E3B7F} = {5C560523-9DF4-4C63-8ED7-2C1599FCFA5F}
		{7FA8CF73-31D5-4A04-BD2F-9E2D6FBEE13A} = {FEB44062-D0E1-4970-A2F6-E8D2FB8F9FAE}
		{D7792F0D-6611-4707-B426-EF5905771E97} = {FEB44062-D0E1-4970-A2F6-E8D2FB8F9FAE}
		{A38D964A-EF4F-4B42-B818-9F66BFA4E4E1} = {5C560523-9DF4-4C63-8ED7-2C1599FCFA5F}
		{52882A14-4A96-4524-974D-8B720913F6D1} = {5C560523-9DF4-4C63-8ED7-2C1599FCFA5F}
	EndGlobalSection
	GlobalSection(ExtensibilityGlobals) = postSolution
		SolutionGuid = {546F6D43-5444-6678-6373-536C6E50726A}
	EndGlobalSection
EndGlobal
