Microsoft Visual Studio Solution File, Format Version 12.00
# Visual Studio 15
VisualStudioVersion = 15.0.27130.2010
MinimumVisualStudioVersion = 10.0.40219.1
Project("{9A19103F-16F7-4668-BE54-9A1E7A4F7556}") = "ControlGallery", "ControlGallery\ControlGallery.csproj", "{5C62872C-16E9-4997-97BF-E455E417089E}"
EndProject
Project("{9A19103F-16F7-4668-BE54-9A1E7A4F7556}") = "DrawTextDemo", "DrawTextDemo\DrawTextDemo.csproj", "{9AC41F47-CD16-4D92-8705-168BE57FA025}"
EndProject
Project("{9A19103F-16F7-4668-BE54-9A1E7A4F7556}") = "HistogramDemo", "HistogramDemo\HistogramDemo.csproj", "{0651053B-EA5F-4014-8001-32A7871F66C3}"
EndProject
Global
	GlobalSection(SolutionConfigurationPlatforms) = preSolution
		Debug|x64 = Debug|x64
		Release|x64 = Release|x64
	EndGlobalSection
	GlobalSection(ProjectConfigurationPlatforms) = postSolution
		{5C62872C-16E9-4997-97BF-E455E417089E}.Debug|x64.ActiveCfg = Debug|Any CPU
		{5C62872C-16E9-4997-97BF-E455E417089E}.Debug|x64.Build.0 = Debug|Any CPU
		{5C62872C-16E9-4997-97BF-E455E417089E}.Release|x64.ActiveCfg = Release|Any CPU
		{5C62872C-16E9-4997-97BF-E455E417089E}.Release|x64.Build.0 = Release|Any CPU
		{9AC41F47-CD16-4D92-8705-168BE57FA025}.Debug|x64.ActiveCfg = Debug|Any CPU
		{9AC41F47-CD16-4D92-8705-168BE57FA025}.Debug|x64.Build.0 = Debug|Any CPU
		{9AC41F47-CD16-4D92-8705-168BE57FA025}.Release|x64.ActiveCfg = Release|Any CPU
		{9AC41F47-CD16-4D92-8705-168BE57FA025}.Release|x64.Build.0 = Release|Any CPU
		{0651053B-EA5F-4014-8001-32A7871F66C3}.Debug|x64.ActiveCfg = Debug|Any CPU
		{0651053B-EA5F-4014-8001-32A7871F66C3}.Debug|x64.Build.0 = Debug|Any CPU
		{0651053B-EA5F-4014-8001-32A7871F66C3}.Release|x64.ActiveCfg = Release|Any CPU
		{0651053B-EA5F-4014-8001-32A7871F66C3}.Release|x64.Build.0 = Release|Any CPU
	EndGlobalSection
	GlobalSection(SolutionProperties) = preSolution
		HideSolutionNode = FALSE
	EndGlobalSection
	GlobalSection(ExtensibilityGlobals) = postSolution
		SolutionGuid = {546F6D43-5444-6678-6373-536C6E50726A}
	EndGlobalSection
EndGlobal
